
Microsoft Visual Studio Solution File, Format Version 12.00
# Visual Studio Version 16
VisualStudioVersion = 16.0.33529.622
MinimumVisualStudioVersion = 10.0.40219.1
Project("{FAE04EC0-301F-11D3-BF4B-00C04F79EFBC}") = "WebApplication6", "WebApplication6\WebApplication6.csproj", "{D6CB8B87-52F8-46A4-9C0B-9249D618BC1E}"
EndProject
Global
	GlobalSection(SolutionConfigurationPlatforms) = preSolution
		Debug|Any CPU = Debug|Any CPU
		Release|Any CPU = Release|Any CPU
	EndGlobalSection
	GlobalSection(ProjectConfigurationPlatforms) = postSolution
		{D6CB8B87-52F8-46A4-9C0B-9249D618BC1E}.Debug|Any CPU.ActiveCfg = Debug|Any CPU
		{D6CB8B87-52F8-46A4-9C0B-9249D618BC1E}.Debug|Any CPU.Build.0 = Debug|Any CPU
		{D6CB8B87-52F8-46A4-9C0B-9249D618BC1E}.Release|Any CPU.ActiveCfg = Release|Any CPU
		{D6CB8B87-52F8-46A4-9C0B-9249D618BC1E}.Release|Any CPU.Build.0 = Release|Any CPU
	EndGlobalSection
	GlobalSection(SolutionProperties) = preSolution
		HideSolutionNode = FALSE
	EndGlobalSection
	GlobalSection(ExtensibilityGlobals) = postSolution
		SolutionGuid = {BE52AEBF-CA8A-4F2D-8043-F827F6F8425D}
	EndGlobalSection
EndGlobal
